
Microsoft Visual Studio Solution File, Format Version 12.00
# Visual Studio Version 16
VisualStudioVersion = 16.0.30309.148
MinimumVisualStudioVersion = 10.0.40219.1
Project("{FAE04EC0-301F-11D3-BF4B-00C04F79EFBC}") = "WPMS", "WPMS\WPMS.csproj", "{BFA3C638-85EF-4E64-B3ED-EF814C6993DB}"
EndProject
Global
	GlobalSection(SolutionConfigurationPlatforms) = preSolution
		Debug|Any CPU = Debug|Any CPU
		Release|Any CPU = Release|Any CPU
	EndGlobalSection
	GlobalSection(ProjectConfigurationPlatforms) = postSolution
		{BFA3C638-85EF-4E64-B3ED-EF814C6993DB}.Debug|Any CPU.ActiveCfg = Debug|Any CPU
		{BFA3C638-85EF-4E64-B3ED-EF814C6993DB}.Debug|Any CPU.Build.0 = Debug|Any CPU
		{BFA3C638-85EF-4E64-B3ED-EF814C6993DB}.Release|Any CPU.ActiveCfg = Release|Any CPU
		{BFA3C638-85EF-4E64-B3ED-EF814C6993DB}.Release|Any CPU.Build.0 = Release|Any CPU
	EndGlobalSection
	GlobalSection(SolutionProperties) = preSolution
		HideSolutionNode = FALSE
	EndGlobalSection
	GlobalSection(ExtensibilityGlobals) = postSolution
		SolutionGuid = {A7C68917-99DC-4B4F-8BC6-E73234F19E1E}
	EndGlobalSection
EndGlobal
